
Microsoft Visual Studio Solution File, Format Version 12.00
# Visual Studio Version 16
VisualStudioVersion = 16.0.29709.97
MinimumVisualStudioVersion = 10.0.40219.1
Project("{FAE04EC0-301F-11D3-BF4B-00C04F79EFBC}") = "ConsoleApp1", "ConsoleApp1\ConsoleApp1.csproj", "{FBD0777D-C5FD-4932-8BBE-2360F755CE6E}"
EndProject
Project("{FAE04EC0-301F-11D3-BF4B-00C04F79EFBC}") = "Demo2", "Demo2\Demo2.csproj", "{41014412-6BF9-4732-B6FA-B9821C0500F5}"
EndProject
Project("{FAE04EC0-301F-11D3-BF4B-00C04F79EFBC}") = "Demo3", "ConsoleApp2\Demo3.csproj", "{CBBF31F1-0E7C-49C9-8B77-540750D86CE2}"
EndProject
Project("{FAE04EC0-301F-11D3-BF4B-00C04F79EFBC}") = "TP1", "TP1\TP1.csproj", "{D792D68B-58BC-4549-B9AE-9E7698EA15E8}"
EndProject
Project("{2150E333-8FDC-42A3-9474-1A3956D46DE8}") = "TPs", "TPs", "{ACE3B753-9C57-47DB-9CA0-27C58F1AF849}"
EndProject
Project("{FAE04EC0-301F-11D3-BF4B-00C04F79EFBC}") = "TP-Mod3", "TP-Mod3\TP-Mod3.csproj", "{A6FDE93D-9C83-4EC1-9851-8DD0EFA54AE3}"
EndProject
Project("{FAE04EC0-301F-11D3-BF4B-00C04F79EFBC}") = "DemoWeb", "DemoWeb\DemoWeb.csproj", "{B7184CC0-82C9-47E4-9F21-6CBCD3C51E95}"
EndProject
Project("{FAE04EC0-301F-11D3-BF4B-00C04F79EFBC}") = "Demo8", "Demo8\Demo8.csproj", "{DC96FF96-3AC0-473F-AC85-862235FE6B3F}"
EndProject
Project("{FAE04EC0-301F-11D3-BF4B-00C04F79EFBC}") = "TP5", "TP5\TP5.csproj", "{A695BB51-E86A-4426-BAED-761DC3431987}"
EndProject
Project("{FAE04EC0-301F-11D3-BF4B-00C04F79EFBC}") = "TP1-Mod5", "TP1-Mod5\TP1-Mod5.csproj", "{E905DAF3-4BE2-4E41-AC53-9E104535A081}"
EndProject
Project("{FAE04EC0-301F-11D3-BF4B-00C04F79EFBC}") = "BO", "..\..\..\Desktop\ASP\TP\TP1-Mod5\BO\BO.csproj", "{6066EAAA-6025-49BC-A1F3-FC6447C42CD9}"
EndProject
Project("{FAE04EC0-301F-11D3-BF4B-00C04F79EFBC}") = "Dojo", "Dojo\Dojo.csproj", "{C9404B26-65A8-4415-8B56-06336FC068E2}"
EndProject
Project("{FAE04EC0-301F-11D3-BF4B-00C04F79EFBC}") = "BODojo", "..\..\..\Desktop\ASP\TP\OneDrive_1_21-09-2020\BO\BODojo.csproj", "{0BBA0441-0AB7-4112-946B-521C9CEC7367}"
EndProject
Project("{FAE04EC0-301F-11D3-BF4B-00C04F79EFBC}") = "TPModule6-1-BO", "Tp6\TPModule6-1-BO\TPModule6-1-BO.csproj", "{85EA8814-E6B2-4853-95D2-017CBD9BDDF8}"
EndProject
Project("{FAE04EC0-301F-11D3-BF4B-00C04F79EFBC}") = "TPModule6-1", "TPModule6-1\TPModule6-1.csproj", "{7398A0E0-2E0C-4922-B205-0A8CDA9A3292}"
EndProject
Global
	GlobalSection(SolutionConfigurationPlatforms) = preSolution
		Debug|Any CPU = Debug|Any CPU
		Release|Any CPU = Release|Any CPU
	EndGlobalSection
	GlobalSection(ProjectConfigurationPlatforms) = postSolution
		{FBD0777D-C5FD-4932-8BBE-2360F755CE6E}.Debug|Any CPU.ActiveCfg = Debug|Any CPU
		{FBD0777D-C5FD-4932-8BBE-2360F755CE6E}.Debug|Any CPU.Build.0 = Debug|Any CPU
		{FBD0777D-C5FD-4932-8BBE-2360F755CE6E}.Release|Any CPU.ActiveCfg = Release|Any CPU
		{FBD0777D-C5FD-4932-8BBE-2360F755CE6E}.Release|Any CPU.Build.0 = Release|Any CPU
		{41014412-6BF9-4732-B6FA-B9821C0500F5}.Debug|Any CPU.ActiveCfg = Debug|Any CPU
		{41014412-6BF9-4732-B6FA-B9821C0500F5}.Debug|Any CPU.Build.0 = Debug|Any CPU
		{41014412-6BF9-4732-B6FA-B9821C0500F5}.Release|Any CPU.ActiveCfg = Release|Any CPU
		{41014412-6BF9-4732-B6FA-B9821C0500F5}.Release|Any CPU.Build.0 = Release|Any CPU
		{CBBF31F1-0E7C-49C9-8B77-540750D86CE2}.Debug|Any CPU.ActiveCfg = Debug|Any CPU
		{CBBF31F1-0E7C-49C9-8B77-540750D86CE2}.Debug|Any CPU.Build.0 = Debug|Any CPU
		{CBBF31F1-0E7C-49C9-8B77-540750D86CE2}.Release|Any CPU.ActiveCfg = Release|Any CPU
		{CBBF31F1-0E7C-49C9-8B77-540750D86CE2}.Release|Any CPU.Build.0 = Release|Any CPU
		{D792D68B-58BC-4549-B9AE-9E7698EA15E8}.Debug|Any CPU.ActiveCfg = Debug|Any CPU
		{D792D68B-58BC-4549-B9AE-9E7698EA15E8}.Debug|Any CPU.Build.0 = Debug|Any CPU
		{D792D68B-58BC-4549-B9AE-9E7698EA15E8}.Release|Any CPU.ActiveCfg = Release|Any CPU
		{D792D68B-58BC-4549-B9AE-9E7698EA15E8}.Release|Any CPU.Build.0 = Release|Any CPU
		{A6FDE93D-9C83-4EC1-9851-8DD0EFA54AE3}.Debug|Any CPU.ActiveCfg = Debug|Any CPU
		{A6FDE93D-9C83-4EC1-9851-8DD0EFA54AE3}.Debug|Any CPU.Build.0 = Debug|Any CPU
		{A6FDE93D-9C83-4EC1-9851-8DD0EFA54AE3}.Release|Any CPU.ActiveCfg = Release|Any CPU
		{A6FDE93D-9C83-4EC1-9851-8DD0EFA54AE3}.Release|Any CPU.Build.0 = Release|Any CPU
		{B7184CC0-82C9-47E4-9F21-6CBCD3C51E95}.Debug|Any CPU.ActiveCfg = Debug|Any CPU
		{B7184CC0-82C9-47E4-9F21-6CBCD3C51E95}.Debug|Any CPU.Build.0 = Debug|Any CPU
		{B7184CC0-82C9-47E4-9F21-6CBCD3C51E95}.Release|Any CPU.ActiveCfg = Release|Any CPU
		{B7184CC0-82C9-47E4-9F21-6CBCD3C51E95}.Release|Any CPU.Build.0 = Release|Any CPU
		{DC96FF96-3AC0-473F-AC85-862235FE6B3F}.Debug|Any CPU.ActiveCfg = Debug|Any CPU
		{DC96FF96-3AC0-473F-AC85-862235FE6B3F}.Debug|Any CPU.Build.0 = Debug|Any CPU
		{DC96FF96-3AC0-473F-AC85-862235FE6B3F}.Release|Any CPU.ActiveCfg = Release|Any CPU
		{DC96FF96-3AC0-473F-AC85-862235FE6B3F}.Release|Any CPU.Build.0 = Release|Any CPU
		{A695BB51-E86A-4426-BAED-761DC3431987}.Debug|Any CPU.ActiveCfg = Debug|Any CPU
		{A695BB51-E86A-4426-BAED-761DC3431987}.Debug|Any CPU.Build.0 = Debug|Any CPU
		{A695BB51-E86A-4426-BAED-761DC3431987}.Release|Any CPU.ActiveCfg = Release|Any CPU
		{A695BB51-E86A-4426-BAED-761DC3431987}.Release|Any CPU.Build.0 = Release|Any CPU
		{E905DAF3-4BE2-4E41-AC53-9E104535A081}.Debug|Any CPU.ActiveCfg = Debug|Any CPU
		{E905DAF3-4BE2-4E41-AC53-9E104535A081}.Debug|Any CPU.Build.0 = Debug|Any CPU
		{E905DAF3-4BE2-4E41-AC53-9E104535A081}.Release|Any CPU.ActiveCfg = Release|Any CPU
		{E905DAF3-4BE2-4E41-AC53-9E104535A081}.Release|Any CPU.Build.0 = Release|Any CPU
		{6066EAAA-6025-49BC-A1F3-FC6447C42CD9}.Debug|Any CPU.ActiveCfg = Debug|Any CPU
		{6066EAAA-6025-49BC-A1F3-FC6447C42CD9}.Debug|Any CPU.Build.0 = Debug|Any CPU
		{6066EAAA-6025-49BC-A1F3-FC6447C42CD9}.Release|Any CPU.ActiveCfg = Release|Any CPU
		{6066EAAA-6025-49BC-A1F3-FC6447C42CD9}.Release|Any CPU.Build.0 = Release|Any CPU
		{C9404B26-65A8-4415-8B56-06336FC068E2}.Debug|Any CPU.ActiveCfg = Debug|Any CPU
		{C9404B26-65A8-4415-8B56-06336FC068E2}.Debug|Any CPU.Build.0 = Debug|Any CPU
		{C9404B26-65A8-4415-8B56-06336FC068E2}.Release|Any CPU.ActiveCfg = Release|Any CPU
		{C9404B26-65A8-4415-8B56-06336FC068E2}.Release|Any CPU.Build.0 = Release|Any CPU
		{0BBA0441-0AB7-4112-946B-521C9CEC7367}.Debug|Any CPU.ActiveCfg = Debug|Any CPU
		{0BBA0441-0AB7-4112-946B-521C9CEC7367}.Debug|Any CPU.Build.0 = Debug|Any CPU
		{0BBA0441-0AB7-4112-946B-521C9CEC7367}.Release|Any CPU.ActiveCfg = Release|Any CPU
		{0BBA0441-0AB7-4112-946B-521C9CEC7367}.Release|Any CPU.Build.0 = Release|Any CPU
		{85EA8814-E6B2-4853-95D2-017CBD9BDDF8}.Debug|Any CPU.ActiveCfg = Debug|Any CPU
		{85EA8814-E6B2-4853-95D2-017CBD9BDDF8}.Debug|Any CPU.Build.0 = Debug|Any CPU
		{85EA8814-E6B2-4853-95D2-017CBD9BDDF8}.Release|Any CPU.ActiveCfg = Release|Any CPU
		{85EA8814-E6B2-4853-95D2-017CBD9BDDF8}.Release|Any CPU.Build.0 = Release|Any CPU
		{7398A0E0-2E0C-4922-B205-0A8CDA9A3292}.Debug|Any CPU.ActiveCfg = Debug|Any CPU
		{7398A0E0-2E0C-4922-B205-0A8CDA9A3292}.Debug|Any CPU.Build.0 = Debug|Any CPU
		{7398A0E0-2E0C-4922-B205-0A8CDA9A3292}.Release|Any CPU.ActiveCfg = Release|Any CPU
		{7398A0E0-2E0C-4922-B205-0A8CDA9A3292}.Release|Any CPU.Build.0 = Release|Any CPU
	EndGlobalSection
	GlobalSection(SolutionProperties) = preSolution
		HideSolutionNode = FALSE
	EndGlobalSection
	GlobalSection(NestedProjects) = preSolution
		{D792D68B-58BC-4549-B9AE-9E7698EA15E8} = {ACE3B753-9C57-47DB-9CA0-27C58F1AF849}
		{A6FDE93D-9C83-4EC1-9851-8DD0EFA54AE3} = {ACE3B753-9C57-47DB-9CA0-27C58F1AF849}
		{A695BB51-E86A-4426-BAED-761DC3431987} = {ACE3B753-9C57-47DB-9CA0-27C58F1AF849}
		{E905DAF3-4BE2-4E41-AC53-9E104535A081} = {ACE3B753-9C57-47DB-9CA0-27C58F1AF849}
		{6066EAAA-6025-49BC-A1F3-FC6447C42CD9} = {ACE3B753-9C57-47DB-9CA0-27C58F1AF849}
		{C9404B26-65A8-4415-8B56-06336FC068E2} = {ACE3B753-9C57-47DB-9CA0-27C58F1AF849}
		{0BBA0441-0AB7-4112-946B-521C9CEC7367} = {ACE3B753-9C57-47DB-9CA0-27C58F1AF849}
		{85EA8814-E6B2-4853-95D2-017CBD9BDDF8} = {ACE3B753-9C57-47DB-9CA0-27C58F1AF849}
		{7398A0E0-2E0C-4922-B205-0A8CDA9A3292} = {ACE3B753-9C57-47DB-9CA0-27C58F1AF849}
	EndGlobalSection
	GlobalSection(ExtensibilityGlobals) = postSolution
		SolutionGuid = {783059A9-EE64-486F-9B88-4D3C5B3E5913}
	EndGlobalSection
EndGlobal
